
Microsoft Visual Studio Solution File, Format Version 12.00
# Visual Studio Version 17
VisualStudioVersion = 17.5.33530.505
MinimumVisualStudioVersion = 10.0.40219.1
Project("{9A19103F-16F7-4668-BE54-9A1E7A4F7556}") = "BotUI", "BotUI\BotUI.csproj", "{BDB8E8C6-C37D-436B-9E4F-8A20A88C0C70}"
EndProject
Project("{FAE04EC0-301F-11D3-BF4B-00C04F79EFBC}") = "BotLib", "BotLib\BotLib.csproj", "{1F67BF4A-BD06-4036-AE21-107F814697AA}"
EndProject
Project("{FAE04EC0-301F-11D3-BF4B-00C04F79EFBC}") = "DeepSeekLib", "DeepSeekLib\DeepSeekLib.csproj", "{C3085A70-ECA1-417F-891B-8281A3D7759C}"
EndProject
Global
	GlobalSection(SolutionConfigurationPlatforms) = preSolution
		Debug|Any CPU = Debug|Any CPU
		Release|Any CPU = Release|Any CPU
	EndGlobalSection
	GlobalSection(ProjectConfigurationPlatforms) = postSolution
		{BDB8E8C6-C37D-436B-9E4F-8A20A88C0C70}.Debug|Any CPU.ActiveCfg = Debug|Any CPU
		{BDB8E8C6-C37D-436B-9E4F-8A20A88C0C70}.Debug|Any CPU.Build.0 = Debug|Any CPU
		{BDB8E8C6-C37D-436B-9E4F-8A20A88C0C70}.Release|Any CPU.ActiveCfg = Release|Any CPU
		{BDB8E8C6-C37D-436B-9E4F-8A20A88C0C70}.Release|Any CPU.Build.0 = Release|Any CPU
		{1F67BF4A-BD06-4036-AE21-107F814697AA}.Debug|Any CPU.ActiveCfg = Debug|Any CPU
		{1F67BF4A-BD06-4036-AE21-107F814697AA}.Debug|Any CPU.Build.0 = Debug|Any CPU
		{1F67BF4A-BD06-4036-AE21-107F814697AA}.Release|Any CPU.ActiveCfg = Release|Any CPU
		{1F67BF4A-BD06-4036-AE21-107F814697AA}.Release|Any CPU.Build.0 = Release|Any CPU
		{C3085A70-ECA1-417F-891B-8281A3D7759C}.Debug|Any CPU.ActiveCfg = Debug|Any CPU
		{C3085A70-ECA1-417F-891B-8281A3D7759C}.Debug|Any CPU.Build.0 = Debug|Any CPU
		{C3085A70-ECA1-417F-891B-8281A3D7759C}.Release|Any CPU.ActiveCfg = Release|Any CPU
		{C3085A70-ECA1-417F-891B-8281A3D7759C}.Release|Any CPU.Build.0 = Release|Any CPU
	EndGlobalSection
	GlobalSection(SolutionProperties) = preSolution
		HideSolutionNode = FALSE
	EndGlobalSection
	GlobalSection(ExtensibilityGlobals) = postSolution
		SolutionGuid = {24904129-11AE-4A4E-9AC3-BC552BDA4CA6}
	EndGlobalSection
EndGlobal
